
Microsoft Visual Studio Solution File, Format Version 12.00
# Visual Studio Version 16
VisualStudioVersion = 16.0.29709.97
MinimumVisualStudioVersion = 10.0.40219.1
Project("{F184B08F-C81C-45F6-A57F-5ABD9991F28F}") = "tpt1", "tpt1\tpt1.vbproj", "{51CD3B60-2CE4-4FC5-99BC-1561AB838C3F}"
EndProject
Global
	GlobalSection(SolutionConfigurationPlatforms) = preSolution
		Debug|Any CPU = Debug|Any CPU
		Release|Any CPU = Release|Any CPU
	EndGlobalSection
	GlobalSection(ProjectConfigurationPlatforms) = postSolution
		{51CD3B60-2CE4-4FC5-99BC-1561AB838C3F}.Debug|Any CPU.ActiveCfg = Debug|Any CPU
		{51CD3B60-2CE4-4FC5-99BC-1561AB838C3F}.Debug|Any CPU.Build.0 = Debug|Any CPU
		{51CD3B60-2CE4-4FC5-99BC-1561AB838C3F}.Release|Any CPU.ActiveCfg = Release|Any CPU
		{51CD3B60-2CE4-4FC5-99BC-1561AB838C3F}.Release|Any CPU.Build.0 = Release|Any CPU
	EndGlobalSection
	GlobalSection(SolutionProperties) = preSolution
		HideSolutionNode = FALSE
	EndGlobalSection
	GlobalSection(ExtensibilityGlobals) = postSolution
		SolutionGuid = {9EF0B610-68ED-4F74-AD3B-0C7A932E8EF4}
	EndGlobalSection
EndGlobal
